# This file is automatically @generated by Cargo.
# It is not intended for manual editing.
version = 4

[[package]]
name = "barrett_reduction"
version = "0.1.0"
dependencies = [
 "modint",
 "numeric_traits",
]

[[package]]
name = "binomial"
version = "0.1.0"
dependencies = [
 "modint",
 "numeric_traits",
 "prime_factorization",
]

[[package]]
name = "cp_rust"
version = "0.1.0"
dependencies = [
 "binomial",
 "static_modint",
]

[[package]]
name = "dynamic_modint_64"
version = "0.1.0"
dependencies = [
 "barrett_reduction",
 "modint",
 "numeric_traits",
]

[[package]]
name = "modint"
version = "0.1.0"

[[package]]
name = "numeric_traits"
version = "0.1.0"

[[package]]
name = "prime_factorization"
version = "0.1.0"
dependencies = [
 "dynamic_modint_64",
 "numeric_traits",
]

[[package]]
name = "static_modint"
version = "0.1.0"
dependencies = [
 "modint",
 "numeric_traits",
]
