# This file is automatically @generated by Cargo.
# It is not intended for manual editing.
version = 4

[[package]]
name = "algebraic"
version = "0.1.0"

[[package]]
name = "combination"
version = "0.1.0"
dependencies = [
 "modint",
]

[[package]]
name = "cp_rust"
version = "0.1.0"
dependencies = [
 "combination",
 "modint",
]

[[package]]
name = "modint"
version = "0.1.0"
dependencies = [
 "algebraic",
]
